{
  "version": 4,
  "terraform_version": "1.7.3",
  "serial": 39,
  "lineage": "10c8bedc-67df-856b-62c3-510bae727617",
  "outputs": {},
  "resources": [
    {
      "mode": "managed",
      "type": "github_branch_protection",
      "name": "nldesignsystem-nl-storybook-gh-pages",
      "provider": "provider[\"registry.terraform.io/integrations/github\"]",
      "instances": [
        {
          "schema_version": 1,
          "attributes": {
            "allows_deletions": false,
            "allows_force_pushes": false,
            "blocks_creations": false,
            "enforce_admins": true,
            "force_push_bypassers": [],
            "id": "BPR_kwDOK22ig84CzKZm",
            "lock_branch": false,
            "pattern": "gh-pages",
            "push_restrictions": [],
            "repository_id": "R_kgDOK22igw",
            "require_conversation_resolution": false,
            "require_signed_commits": false,
            "required_linear_history": true,
            "required_pull_request_reviews": [],
            "required_status_checks": []
          },
          "sensitive_attributes": [],
          "private": "eyJzY2hlbWFfdmVyc2lvbiI6IjEifQ==",
          "dependencies": [
            "github_repository.nldesignsystem-nl-storybook"
          ]
        }
      ]
    },
    {
      "mode": "managed",
      "type": "github_branch_protection",
      "name": "nldesignsystem-nl-storybook-main",
      "provider": "provider[\"registry.terraform.io/integrations/github\"]",
      "instances": [
        {
          "schema_version": 1,
          "attributes": {
            "allows_deletions": false,
            "allows_force_pushes": false,
            "blocks_creations": false,
            "enforce_admins": true,
            "force_push_bypassers": [],
            "id": "BPR_kwDOK22ig84CzKZn",
            "lock_branch": false,
            "pattern": "main",
            "push_restrictions": [],
            "repository_id": "R_kgDOK22igw",
            "require_conversation_resolution": true,
            "require_signed_commits": false,
            "required_linear_history": true,
            "required_pull_request_reviews": [
              {
                "dismiss_stale_reviews": true,
                "dismissal_restrictions": [],
                "pull_request_bypassers": [],
                "require_code_owner_reviews": false,
                "require_last_push_approval": false,
                "required_approving_review_count": 1,
                "restrict_dismissals": false
              }
            ],
            "required_status_checks": [
              {
                "contexts": [
                  "build",
                  "install",
                  "lint",
                  "test"
                ],
                "strict": false
              }
            ]
          },
          "sensitive_attributes": [],
          "private": "eyJzY2hlbWFfdmVyc2lvbiI6IjEifQ==",
          "dependencies": [
            "github_repository.nldesignsystem-nl-storybook"
          ]
        }
      ]
    },
    {
      "mode": "managed",
      "type": "github_repository",
      "name": "nldesignsystem-nl-storybook",
      "provider": "provider[\"registry.terraform.io/integrations/github\"]",
      "instances": [
        {
          "schema_version": 1,
          "attributes": {
            "allow_auto_merge": false,
            "allow_merge_commit": false,
            "allow_rebase_merge": true,
            "allow_squash_merge": true,
            "allow_update_branch": false,
            "archive_on_destroy": null,
            "archived": false,
            "auto_init": false,
            "default_branch": "main",
            "delete_branch_on_merge": false,
            "description": "Website van NL Design System in Storybook templates voor visuele regressie tests",
            "etag": "W/\"39f084401c2bbb682a19fcf6da2cb2c845af198a2285b5262493cb766e2e0a0e\"",
            "full_name": "nl-design-system/nldesignsystem.nl-storybook",
            "git_clone_url": "git://github.com/nl-design-system/nldesignsystem.nl-storybook.git",
            "gitignore_template": null,
            "has_discussions": false,
            "has_downloads": false,
            "has_issues": true,
            "has_projects": false,
            "has_wiki": false,
            "homepage_url": "https://nldesignsystem-nl-storybook-nl-design-system.vercel.app",
            "html_url": "https://github.com/nl-design-system/nldesignsystem.nl-storybook",
            "http_clone_url": "https://github.com/nl-design-system/nldesignsystem.nl-storybook.git",
            "id": "nldesignsystem.nl-storybook",
            "ignore_vulnerability_alerts_during_read": null,
            "is_template": false,
            "license_template": null,
            "merge_commit_message": "PR_TITLE",
            "merge_commit_title": "MERGE_MESSAGE",
            "name": "nldesignsystem.nl-storybook",
            "node_id": "R_kgDOK22igw",
            "pages": [
              {
                "build_type": "legacy",
                "cname": "",
                "custom_404": false,
                "html_url": "https://nl-design-system.github.io/nldesignsystem.nl-storybook/",
                "source": [
                  {
                    "branch": "gh-pages",
                    "path": "/"
                  }
                ],
                "status": "built",
                "url": "https://api.github.com/repos/nl-design-system/nldesignsystem.nl-storybook/pages"
              }
            ],
            "primary_language": "TypeScript",
            "private": false,
            "repo_id": 728605315,
            "security_and_analysis": [
              {
                "advanced_security": [],
                "secret_scanning": [
                  {
                    "status": "disabled"
                  }
                ],
                "secret_scanning_push_protection": [
                  {
                    "status": "disabled"
                  }
                ]
              }
            ],
            "squash_merge_commit_message": "PR_BODY",
            "squash_merge_commit_title": "PR_TITLE",
            "ssh_clone_url": "git@github.com:nl-design-system/nldesignsystem.nl-storybook.git",
            "svn_url": "https://github.com/nl-design-system/nldesignsystem.nl-storybook",
            "template": [
              {
                "include_all_branches": false,
                "owner": "nl-design-system",
                "repository": "example"
              }
            ],
            "topics": [
              "nl-design-system",
              "storybook"
            ],
            "visibility": "public",
            "vulnerability_alerts": false,
            "web_commit_signoff_required": false
          },
          "sensitive_attributes": [],
          "private": "eyJzY2hlbWFfdmVyc2lvbiI6IjEifQ=="
        }
      ]
    },
    {
      "mode": "managed",
      "type": "github_repository_collaborators",
      "name": "kernteam-admin",
      "provider": "provider[\"registry.terraform.io/integrations/github\"]",
      "instances": [
        {
          "schema_version": 0,
          "attributes": {
            "id": "nldesignsystem.nl-storybook",
            "invitation_ids": {},
            "repository": "nldesignsystem.nl-storybook",
            "team": [
              {
                "permission": "admin",
                "team_id": "kernteam-admin"
              }
            ],
            "user": []
          },
          "sensitive_attributes": [],
          "private": "bnVsbA==",
          "dependencies": [
            "github_repository.nldesignsystem-nl-storybook",
            "github_team.kernteam",
            "github_team.kernteam-admin"
          ]
        }
      ]
    },
    {
      "mode": "managed",
      "type": "github_repository_collaborators",
      "name": "kernteam-committer",
      "provider": "provider[\"registry.terraform.io/integrations/github\"]",
      "instances": [
        {
          "schema_version": 0,
          "attributes": {
            "id": "nldesignsystem.nl-storybook",
            "invitation_ids": {},
            "repository": "nldesignsystem.nl-storybook",
            "team": [
              {
                "permission": "push",
                "team_id": "kernteam-committer"
              }
            ],
            "user": []
          },
          "sensitive_attributes": [],
          "private": "bnVsbA==",
          "dependencies": [
            "github_repository.nldesignsystem-nl-storybook",
            "github_team.kernteam",
            "github_team.kernteam-committer"
          ]
        }
      ]
    },
    {
      "mode": "managed",
      "type": "github_repository_collaborators",
      "name": "kernteam-maintainer",
      "provider": "provider[\"registry.terraform.io/integrations/github\"]",
      "instances": [
        {
          "schema_version": 0,
          "attributes": {
            "id": "nldesignsystem.nl-storybook",
            "invitation_ids": {},
            "repository": "nldesignsystem.nl-storybook",
            "team": [
              {
                "permission": "maintain",
                "team_id": "kernteam-maintainer"
              }
            ],
            "user": []
          },
          "sensitive_attributes": [],
          "private": "bnVsbA==",
          "dependencies": [
            "github_repository.nldesignsystem-nl-storybook",
            "github_team.kernteam",
            "github_team.kernteam-maintainer"
          ]
        }
      ]
    },
    {
      "mode": "managed",
      "type": "github_repository_collaborators",
      "name": "kernteam-triage",
      "provider": "provider[\"registry.terraform.io/integrations/github\"]",
      "instances": [
        {
          "schema_version": 0,
          "attributes": {
            "id": "nldesignsystem.nl-storybook",
            "invitation_ids": {},
            "repository": "nldesignsystem.nl-storybook",
            "team": [
              {
                "permission": "triage",
                "team_id": "kernteam-triage"
              }
            ],
            "user": []
          },
          "sensitive_attributes": [],
          "private": "bnVsbA==",
          "dependencies": [
            "github_repository.nldesignsystem-nl-storybook",
            "github_team.kernteam",
            "github_team.kernteam-triage"
          ]
        }
      ]
    },
    {
      "mode": "managed",
      "type": "github_team",
      "name": "kernteam",
      "provider": "provider[\"registry.terraform.io/integrations/github\"]",
      "instances": [
        {
          "schema_version": 0,
          "attributes": {
            "create_default_maintainer": false,
            "description": "NL Design System kernteam",
            "etag": "W/\"e934d11b1d3622b7cdc7f4de193f19f17af150c46e1d5ca4ac7c16a0c1306b77\"",
            "id": "7241515",
            "ldap_dn": "",
            "members_count": 10,
            "name": "kernteam",
            "node_id": "T_kwDOBGdlVM4Abn8r",
            "parent_team_id": "",
            "parent_team_read_id": "",
            "parent_team_read_slug": "",
            "privacy": "closed",
            "slug": "kernteam"
          },
          "sensitive_attributes": [],
          "private": "bnVsbA=="
        }
      ]
    },
    {
      "mode": "managed",
      "type": "github_team",
      "name": "kernteam-admin",
      "provider": "provider[\"registry.terraform.io/integrations/github\"]",
      "instances": [
        {
          "schema_version": 0,
          "attributes": {
            "create_default_maintainer": false,
            "description": "",
            "etag": "W/\"85f72287269753e32e96df363a74e760c940fca144961ad64b5356e0c27a0610\"",
            "id": "9256628",
            "ldap_dn": "",
            "members_count": 5,
            "name": "kernteam-admin",
            "node_id": "T_kwDOBGdlVM4AjT60",
            "parent_team_id": "7241515",
            "parent_team_read_id": "7241515",
            "parent_team_read_slug": "kernteam",
            "privacy": "closed",
            "slug": "kernteam-admin"
          },
          "sensitive_attributes": [],
          "private": "bnVsbA==",
          "dependencies": [
            "github_team.kernteam"
          ]
        }
      ]
    },
    {
      "mode": "managed",
      "type": "github_team",
      "name": "kernteam-committer",
      "provider": "provider[\"registry.terraform.io/integrations/github\"]",
      "instances": [
        {
          "schema_version": 0,
          "attributes": {
            "create_default_maintainer": false,
            "description": "",
            "etag": "W/\"2ccd3aa53b70aa8ddd1c946b4e6e4d2a59e4d14b9bb588a77761b01aa70aee4c\"",
            "id": "9256647",
            "ldap_dn": "",
            "members_count": 6,
            "name": "kernteam-committer",
            "node_id": "T_kwDOBGdlVM4AjT7H",
            "parent_team_id": "7241515",
            "parent_team_read_id": "7241515",
            "parent_team_read_slug": "kernteam",
            "privacy": "closed",
            "slug": "kernteam-committer"
          },
          "sensitive_attributes": [],
          "private": "bnVsbA==",
          "dependencies": [
            "github_team.kernteam"
          ]
        }
      ]
    },
    {
      "mode": "managed",
      "type": "github_team",
      "name": "kernteam-dependabot",
      "provider": "provider[\"registry.terraform.io/integrations/github\"]",
      "instances": [
        {
          "schema_version": 0,
          "attributes": {
            "create_default_maintainer": false,
            "description": "Default reviewers for Dependabot pull requests",
            "etag": "W/\"958b3de06c873fac638e746b4120f4ae341a0c4c7c75b6daa705ed31883740f1\"",
            "id": "9287653",
            "ldap_dn": "",
            "members_count": 2,
            "name": "kernteam-dependabot",
            "node_id": "T_kwDOBGdlVM4Ajbfl",
            "parent_team_id": "7241515",
            "parent_team_read_id": "7241515",
            "parent_team_read_slug": "kernteam",
            "privacy": "closed",
            "slug": "kernteam-dependabot"
          },
          "sensitive_attributes": [],
          "private": "bnVsbA==",
          "dependencies": [
            "github_team.kernteam"
          ]
        }
      ]
    },
    {
      "mode": "managed",
      "type": "github_team",
      "name": "kernteam-developers",
      "provider": "provider[\"registry.terraform.io/integrations/github\"]",
      "instances": [
        {
          "schema_version": 0,
          "attributes": {
            "create_default_maintainer": false,
            "description": "",
            "etag": "W/\"3ee565a6b6f2c9badb93583ce7c215295c6b0b3a1d45aaeee263a11e46e41bbd\"",
            "id": "9249408",
            "ldap_dn": "",
            "members_count": 4,
            "name": "kernteam-developers",
            "node_id": "T_kwDOBGdlVM4AjSKA",
            "parent_team_id": "7241515",
            "parent_team_read_id": "7241515",
            "parent_team_read_slug": "kernteam",
            "privacy": "closed",
            "slug": "kernteam-developers"
          },
          "sensitive_attributes": [],
          "private": "bnVsbA==",
          "dependencies": [
            "github_team.kernteam"
          ]
        }
      ]
    },
    {
      "mode": "managed",
      "type": "github_team",
      "name": "kernteam-maintainer",
      "provider": "provider[\"registry.terraform.io/integrations/github\"]",
      "instances": [
        {
          "schema_version": 0,
          "attributes": {
            "create_default_maintainer": false,
            "description": "",
            "etag": "W/\"36bc000da082a5c9591e28a9db7d66d20d61195c0873d69499a286068d6e805c\"",
            "id": "9256636",
            "ldap_dn": "",
            "members_count": 4,
            "name": "kernteam-maintainer",
            "node_id": "T_kwDOBGdlVM4AjT68",
            "parent_team_id": "7241515",
            "parent_team_read_id": "7241515",
            "parent_team_read_slug": "kernteam",
            "privacy": "closed",
            "slug": "kernteam-maintainer"
          },
          "sensitive_attributes": [],
          "private": "bnVsbA==",
          "dependencies": [
            "github_team.kernteam"
          ]
        }
      ]
    },
    {
      "mode": "managed",
      "type": "github_team",
      "name": "kernteam-triage",
      "provider": "provider[\"registry.terraform.io/integrations/github\"]",
      "instances": [
        {
          "schema_version": 0,
          "attributes": {
            "create_default_maintainer": false,
            "description": "",
            "etag": "W/\"eca5f3c779301a1f53985ccf3cb9b7fdff709257a5480092797149050aabb0a7\"",
            "id": "9256660",
            "ldap_dn": "",
            "members_count": 9,
            "name": "kernteam-triage",
            "node_id": "T_kwDOBGdlVM4AjT7U",
            "parent_team_id": "7241515",
            "parent_team_read_id": "7241515",
            "parent_team_read_slug": "kernteam",
            "privacy": "closed",
            "slug": "kernteam-triage"
          },
          "sensitive_attributes": [],
          "private": "bnVsbA==",
          "dependencies": [
            "github_team.kernteam"
          ]
        }
      ]
    }
  ],
  "check_results": null
}
